# THIS IS AN AUTOGENERATED FILE. DO NOT EDIT THIS FILE DIRECTLY.
# yarn lockfile v1


"@modyqyw/prettier-config@^1.0.0":
  version "1.0.0"
  resolved "https://registry.npmjs.org/@modyqyw/prettier-config/-/prettier-config-1.0.0.tgz#5b19b02d2380e7afa69d4ad934a26e4011d06393"
  integrity sha512-tjweVH3cmGCtSVHHApizXnWXV+/kIOnAzMR7od5WjTRPmYH4WoBFnaoXeN68yNB2B01fyipCIuLfFi4b7OYAVw==
  dependencies:
    prettier "~2.0.0"

prettier@^2.0.5, prettier@~2.0.0:
  version "2.0.5"
  resolved "https://registry.npmjs.org/prettier/-/prettier-2.0.5.tgz#d6d56282455243f2f92cc1716692c08aa31522d4"
  integrity sha512-7PtVymN48hGcO4fGjybyBSIWDsLU4H4XlvOHfq91pz9kkGlonzwTfYkaIEwiRg/dAJF9YlbsduBAgtYLi+8cFg==
