# THIS IS AN AUTOGENERATED FILE. DO NOT EDIT THIS FILE DIRECTLY.
# yarn lockfile v1


"@modyqyw/prettier-config@^1.0.0":
  version "1.0.1"
  resolved "https://registry.npmjs.org/@modyqyw/prettier-config/-/prettier-config-1.0.1.tgz#722e8823a6fc699da104c8be16f662940dab3fc5"
  integrity sha512-P20ooD3fGT7bCEAUwjjBAhsWC2U2bw4bABtWtOxdNkyTPBfYbGq0pCxVngyGUDuU5086i9lrrJg+Ah0TvT+8Bw==
  dependencies:
    prettier "~2.0.0"

prettier@^2.0.5, prettier@~2.0.0:
  version "2.0.5"
  resolved "https://registry.npmjs.org/prettier/-/prettier-2.0.5.tgz#d6d56282455243f2f92cc1716692c08aa31522d4"
  integrity sha512-7PtVymN48hGcO4fGjybyBSIWDsLU4H4XlvOHfq91pz9kkGlonzwTfYkaIEwiRg/dAJF9YlbsduBAgtYLi+8cFg==
